
Microsoft Visual Studio Solution File, Format Version 12.00
# Visual Studio Version 16
VisualStudioVersion = 16.0.29613.14
MinimumVisualStudioVersion = 10.0.40219.1
Project("{FAE04EC0-301F-11D3-BF4B-00C04F79EFBC}") = "StanProject", "StanProject.csproj", "{B2C04A0A-38FF-4A4F-A9FC-36C013F756C3}"
EndProject
Global
	GlobalSection(SolutionConfigurationPlatforms) = preSolution
		Debug|Any CPU = Debug|Any CPU
		Release|Any CPU = Release|Any CPU
	EndGlobalSection
	GlobalSection(ProjectConfigurationPlatforms) = postSolution
		{B2C04A0A-38FF-4A4F-A9FC-36C013F756C3}.Debug|Any CPU.ActiveCfg = Debug|Any CPU
		{B2C04A0A-38FF-4A4F-A9FC-36C013F756C3}.Debug|Any CPU.Build.0 = Debug|Any CPU
		{B2C04A0A-38FF-4A4F-A9FC-36C013F756C3}.Release|Any CPU.ActiveCfg = Release|Any CPU
		{B2C04A0A-38FF-4A4F-A9FC-36C013F756C3}.Release|Any CPU.Build.0 = Release|Any CPU
	EndGlobalSection
	GlobalSection(SolutionProperties) = preSolution
		HideSolutionNode = FALSE
	EndGlobalSection
	GlobalSection(ExtensibilityGlobals) = postSolution
		SolutionGuid = {0BB0C988-70A8-443F-B64E-939AD02EC5D3}
	EndGlobalSection
EndGlobal
